
Microsoft Visual Studio Solution File, Format Version 12.00
# Visual Studio Version 17
VisualStudioVersion = 17.4.33213.308
MinimumVisualStudioVersion = 10.0.40219.1
Project("{FAE04EC0-301F-11D3-BF4B-00C04F79EFBC}") = "generic", "generic\generic.csproj", "{FD56AE68-753A-4F9A-8639-5B99C13DB430}"
EndProject
Global
	GlobalSection(SolutionConfigurationPlatforms) = preSolution
		Debug|Any CPU = Debug|Any CPU
		Release|Any CPU = Release|Any CPU
	EndGlobalSection
	GlobalSection(ProjectConfigurationPlatforms) = postSolution
		{FD56AE68-753A-4F9A-8639-5B99C13DB430}.Debug|Any CPU.ActiveCfg = Debug|Any CPU
		{FD56AE68-753A-4F9A-8639-5B99C13DB430}.Debug|Any CPU.Build.0 = Debug|Any CPU
		{FD56AE68-753A-4F9A-8639-5B99C13DB430}.Release|Any CPU.ActiveCfg = Release|Any CPU
		{FD56AE68-753A-4F9A-8639-5B99C13DB430}.Release|Any CPU.Build.0 = Release|Any CPU
	EndGlobalSection
	GlobalSection(SolutionProperties) = preSolution
		HideSolutionNode = FALSE
	EndGlobalSection
	GlobalSection(ExtensibilityGlobals) = postSolution
		SolutionGuid = {7761234A-AE21-48DF-AE52-09A7C38B8C57}
	EndGlobalSection
EndGlobal
